// !$*UTF8*$!
{
	archiveVersion = 1;
	classes = {
	};
	objectVersion = 46;
	objects = {

/* Begin PBXBuildFile section */
		2962E6FD1FB4036D007A20A8 /* GestureViewController.swift in Sources */ = {isa = PBXBuildFile; fileRef = 2962E6FC1FB4036D007A20A8 /* GestureViewController.swift */; };
		2962E6FF1FB435E2007A20A8 /* DetailViewController.swift in Sources */ = {isa = PBXBuildFile; fileRef = 2962E6FE1FB435E2007A20A8 /* DetailViewController.swift */; };
		2962E7011FB45B75007A20A8 /* GestureViewModel.swift in Sources */ = {isa = PBXBuildFile; fileRef = 2962E7001FB45B75007A20A8 /* GestureViewModel.swift */; };
		29B33B281FB2BA5D005984EC /* ViewModel.swift in Sources */ = {isa = PBXBuildFile; fileRef = 29B33B271FB2BA5D005984EC /* ViewModel.swift */; };
		29F2CD281FB04A49004FB2FF /* Article.swift in Sources */ = {isa = PBXBuildFile; fileRef = 29F2CD271FB04A49004FB2FF /* Article.swift */; };
		29F2CD2A1FB04CAE004FB2FF /* Source.swift in Sources */ = {isa = PBXBuildFile; fileRef = 29F2CD291FB04CAE004FB2FF /* Source.swift */; };
		29F2CD2C1FB06249004FB2FF /* APIServices.swift in Sources */ = {isa = PBXBuildFile; fileRef = 29F2CD2B1FB06249004FB2FF /* APIServices.swift */; };
		2F0D09C11FB4003100B627B0 /* NewsCollectionViewCell.xib in Resources */ = {isa = PBXBuildFile; fileRef = 2F0D09C01FB4003100B627B0 /* NewsCollectionViewCell.xib */; };
		2F0D09C31FB404B800B627B0 /* NewsCollectionViewCell.swift in Sources */ = {isa = PBXBuildFile; fileRef = 2F0D09C21FB404B800B627B0 /* NewsCollectionViewCell.swift */; };
		2F0D09C51FB4397500B627B0 /* NewsCollectionViewModel.swift in Sources */ = {isa = PBXBuildFile; fileRef = 2F0D09C41FB4397500B627B0 /* NewsCollectionViewModel.swift */; };
		2F49250E1FC2C4E000A2D850 /* ErrorView.xib in Resources */ = {isa = PBXBuildFile; fileRef = 2F49250D1FC2C4E000A2D850 /* ErrorView.xib */; };
		2F4925101FC2C82D00A2D850 /* ErrorView.swift in Sources */ = {isa = PBXBuildFile; fileRef = 2F49250F1FC2C82D00A2D850 /* ErrorView.swift */; };
		2FA5588C1FB9A85000D89D10 /* NewsEndPoint.swift in Sources */ = {isa = PBXBuildFile; fileRef = 2FA5588B1FB9A85000D89D10 /* NewsEndPoint.swift */; };
		2FC494861FBAA07F007F2028 /* Screen.swift in Sources */ = {isa = PBXBuildFile; fileRef = 2FC494851FBAA07F007F2028 /* Screen.swift */; };
		2FF511001FB599A700BDCC57 /* UIViewExtension.swift in Sources */ = {isa = PBXBuildFile; fileRef = 2FF510FF1FB599A700BDCC57 /* UIViewExtension.swift */; };
		2FF9BFB91FB2FCB100E9A467 /* NewsStoryboard.storyboard in Resources */ = {isa = PBXBuildFile; fileRef = 2FF9BFB81FB2FCB100E9A467 /* NewsStoryboard.storyboard */; };
		2FF9BFBB1FB2FD3500E9A467 /* NewsCollectionViewController.swift in Sources */ = {isa = PBXBuildFile; fileRef = 2FF9BFBA1FB2FD3500E9A467 /* NewsCollectionViewController.swift */; };
		2FFD08A21FB03C1E006AE606 /* AppDelegate.swift in Sources */ = {isa = PBXBuildFile; fileRef = 2FFD08A11FB03C1E006AE606 /* AppDelegate.swift */; };
		2FFD08A41FB03C1E006AE606 /* HomeViewController.swift in Sources */ = {isa = PBXBuildFile; fileRef = 2FFD08A31FB03C1E006AE606 /* HomeViewController.swift */; };
		2FFD08A71FB03C1E006AE606 /* Main.storyboard in Resources */ = {isa = PBXBuildFile; fileRef = 2FFD08A51FB03C1E006AE606 /* Main.storyboard */; };
		2FFD08A91FB03C1E006AE606 /* Assets.xcassets in Resources */ = {isa = PBXBuildFile; fileRef = 2FFD08A81FB03C1E006AE606 /* Assets.xcassets */; };
		2FFD08AC1FB03C1E006AE606 /* LaunchScreen.storyboard in Resources */ = {isa = PBXBuildFile; fileRef = 2FFD08AA1FB03C1E006AE606 /* LaunchScreen.storyboard */; };
		99EF6C59E7B5E9052C390EB8 /* Pods_Newscover.framework in Frameworks */ = {isa = PBXBuildFile; fileRef = 9836F03BA213A180636E3AFE /* Pods_Newscover.framework */; };
/* End PBXBuildFile section */

/* Begin PBXFileReference section */
		2962E6FC1FB4036D007A20A8 /* GestureViewController.swift */ = {isa = PBXFileReference; lastKnownFileType = sourcecode.swift; path = GestureViewController.swift; sourceTree = "<group>"; };
		2962E6FE1FB435E2007A20A8 /* DetailViewController.swift */ = {isa = PBXFileReference; lastKnownFileType = sourcecode.swift; path = DetailViewController.swift; sourceTree = "<group>"; };
		2962E7001FB45B75007A20A8 /* GestureViewModel.swift */ = {isa = PBXFileReference; lastKnownFileType = sourcecode.swift; path = GestureViewModel.swift; sourceTree = "<group>"; };
		29B33B271FB2BA5D005984EC /* ViewModel.swift */ = {isa = PBXFileReference; lastKnownFileType = sourcecode.swift; path = ViewModel.swift; sourceTree = "<group>"; };
		29F2CD271FB04A49004FB2FF /* Article.swift */ = {isa = PBXFileReference; lastKnownFileType = sourcecode.swift; path = Article.swift; sourceTree = "<group>"; };
		29F2CD291FB04CAE004FB2FF /* Source.swift */ = {isa = PBXFileReference; lastKnownFileType = sourcecode.swift; path = Source.swift; sourceTree = "<group>"; };
		29F2CD2B1FB06249004FB2FF /* APIServices.swift */ = {isa = PBXFileReference; lastKnownFileType = sourcecode.swift; path = APIServices.swift; sourceTree = "<group>"; };
		2F0D09C01FB4003100B627B0 /* NewsCollectionViewCell.xib */ = {isa = PBXFileReference; lastKnownFileType = file.xib; path = NewsCollectionViewCell.xib; sourceTree = "<group>"; };
		2F0D09C21FB404B800B627B0 /* NewsCollectionViewCell.swift */ = {isa = PBXFileReference; lastKnownFileType = sourcecode.swift; path = NewsCollectionViewCell.swift; sourceTree = "<group>"; };
		2F0D09C41FB4397500B627B0 /* NewsCollectionViewModel.swift */ = {isa = PBXFileReference; lastKnownFileType = sourcecode.swift; path = NewsCollectionViewModel.swift; sourceTree = "<group>"; };
		2F49250D1FC2C4E000A2D850 /* ErrorView.xib */ = {isa = PBXFileReference; lastKnownFileType = file.xib; path = ErrorView.xib; sourceTree = "<group>"; };
		2F49250F1FC2C82D00A2D850 /* ErrorView.swift */ = {isa = PBXFileReference; lastKnownFileType = sourcecode.swift; path = ErrorView.swift; sourceTree = "<group>"; };
		2FA5588B1FB9A85000D89D10 /* NewsEndPoint.swift */ = {isa = PBXFileReference; lastKnownFileType = sourcecode.swift; path = NewsEndPoint.swift; sourceTree = "<group>"; };
		2FC494851FBAA07F007F2028 /* Screen.swift */ = {isa = PBXFileReference; lastKnownFileType = sourcecode.swift; path = Screen.swift; sourceTree = "<group>"; };
		2FF510FF1FB599A700BDCC57 /* UIViewExtension.swift */ = {isa = PBXFileReference; lastKnownFileType = sourcecode.swift; path = UIViewExtension.swift; sourceTree = "<group>"; };
		2FF9BFB81FB2FCB100E9A467 /* NewsStoryboard.storyboard */ = {isa = PBXFileReference; lastKnownFileType = file.storyboard; path = NewsStoryboard.storyboard; sourceTree = "<group>"; };
		2FF9BFBA1FB2FD3500E9A467 /* NewsCollectionViewController.swift */ = {isa = PBXFileReference; lastKnownFileType = sourcecode.swift; path = NewsCollectionViewController.swift; sourceTree = "<group>"; };
		2FFD089E1FB03C1E006AE606 /* Newscover.app */ = {isa = PBXFileReference; explicitFileType = wrapper.application; includeInIndex = 0; path = Newscover.app; sourceTree = BUILT_PRODUCTS_DIR; };
		2FFD08A11FB03C1E006AE606 /* AppDelegate.swift */ = {isa = PBXFileReference; lastKnownFileType = sourcecode.swift; path = AppDelegate.swift; sourceTree = "<group>"; };
		2FFD08A31FB03C1E006AE606 /* HomeViewController.swift */ = {isa = PBXFileReference; lastKnownFileType = sourcecode.swift; path = HomeViewController.swift; sourceTree = "<group>"; };
		2FFD08A61FB03C1E006AE606 /* Base */ = {isa = PBXFileReference; lastKnownFileType = file.storyboard; name = Base; path = Base.lproj/Main.storyboard; sourceTree = "<group>"; };
		2FFD08A81FB03C1E006AE606 /* Assets.xcassets */ = {isa = PBXFileReference; lastKnownFileType = folder.assetcatalog; path = Assets.xcassets; sourceTree = "<group>"; };
		2FFD08AB1FB03C1E006AE606 /* Base */ = {isa = PBXFileReference; lastKnownFileType = file.storyboard; name = Base; path = Base.lproj/LaunchScreen.storyboard; sourceTree = "<group>"; };
		2FFD08AD1FB03C1E006AE606 /* Info.plist */ = {isa = PBXFileReference; lastKnownFileType = text.plist.xml; path = Info.plist; sourceTree = "<group>"; };
		9836F03BA213A180636E3AFE /* Pods_Newscover.framework */ = {isa = PBXFileReference; explicitFileType = wrapper.framework; includeInIndex = 0; path = Pods_Newscover.framework; sourceTree = BUILT_PRODUCTS_DIR; };
		B15F3E0B99427B51D4081860 /* Pods-Newscover.release.xcconfig */ = {isa = PBXFileReference; includeInIndex = 1; lastKnownFileType = text.xcconfig; name = "Pods-Newscover.release.xcconfig"; path = "Pods/Target Support Files/Pods-Newscover/Pods-Newscover.release.xcconfig"; sourceTree = "<group>"; };
		D0867C06851D4816638975B6 /* Pods-Newscover.debug.xcconfig */ = {isa = PBXFileReference; includeInIndex = 1; lastKnownFileType = text.xcconfig; name = "Pods-Newscover.debug.xcconfig"; path = "Pods/Target Support Files/Pods-Newscover/Pods-Newscover.debug.xcconfig"; sourceTree = "<group>"; };
/* End PBXFileReference section */

/* Begin PBXFrameworksBuildPhase section */
		2FFD089B1FB03C1E006AE606 /* Frameworks */ = {
			isa = PBXFrameworksBuildPhase;
			buildActionMask = 2147483647;
			files = (
				99EF6C59E7B5E9052C390EB8 /* Pods_Newscover.framework in Frameworks */,
			);
			runOnlyForDeploymentPostprocessing = 0;
		};
/* End PBXFrameworksBuildPhase section */

/* Begin PBXGroup section */
		0822B45424C990A40C2FD667 /* Pods */ = {
			isa = PBXGroup;
			children = (
				D0867C06851D4816638975B6 /* Pods-Newscover.debug.xcconfig */,
				B15F3E0B99427B51D4081860 /* Pods-Newscover.release.xcconfig */,
			);
			name = Pods;
			sourceTree = "<group>";
		};
		2FFD08951FB03C1D006AE606 = {
			isa = PBXGroup;
			children = (
				2FFD08A01FB03C1E006AE606 /* Newscover */,
				2FFD089F1FB03C1E006AE606 /* Products */,
				0822B45424C990A40C2FD667 /* Pods */,
				8608916A0947AB55DA29B520 /* Frameworks */,
			);
			sourceTree = "<group>";
		};
		2FFD089F1FB03C1E006AE606 /* Products */ = {
			isa = PBXGroup;
			children = (
				2FFD089E1FB03C1E006AE606 /* Newscover.app */,
			);
			name = Products;
			sourceTree = "<group>";
		};
		2FFD08A01FB03C1E006AE606 /* Newscover */ = {
			isa = PBXGroup;
			children = (
				2FFD08A11FB03C1E006AE606 /* AppDelegate.swift */,
				2FFD08AD1FB03C1E006AE606 /* Info.plist */,
				2FFD08B71FB04251006AE606 /* Views */,
				2FFD08B51FB04223006AE606 /* ViewModels */,
				2FFD08B41FB041EB006AE606 /* Models */,
				2FFD08BC1FB044AD006AE606 /* Storyboards */,
				2FFD08BB1FB042F8006AE606 /* Networkings */,
				2FFD08BA1FB0428E006AE606 /* Protocols */,
				2FFD08B91FB0426C006AE606 /* Resources */,
				2FFD08B81FB0425E006AE606 /* Extension */,
			);
			path = Newscover;
			sourceTree = "<group>";
		};
		2FFD08B41FB041EB006AE606 /* Models */ = {
			isa = PBXGroup;
			children = (
				29F2CD271FB04A49004FB2FF /* Article.swift */,
				29F2CD291FB04CAE004FB2FF /* Source.swift */,
			);
			name = Models;
			sourceTree = "<group>";
		};
		2FFD08B51FB04223006AE606 /* ViewModels */ = {
			isa = PBXGroup;
			children = (
				29B33B271FB2BA5D005984EC /* ViewModel.swift */,
				2F0D09C41FB4397500B627B0 /* NewsCollectionViewModel.swift */,
				2962E7001FB45B75007A20A8 /* GestureViewModel.swift */,
			);
			name = ViewModels;
			sourceTree = "<group>";
		};
		2FFD08B71FB04251006AE606 /* Views */ = {
			isa = PBXGroup;
			children = (
				2FFD08BE1FB044F1006AE606 /* Cell */,
				2FFD08BD1FB044E1006AE606 /* ViewControllers */,
			);
			name = Views;
			sourceTree = "<group>";
		};
		2FFD08B81FB0425E006AE606 /* Extension */ = {
			isa = PBXGroup;
			children = (
				2FF510FF1FB599A700BDCC57 /* UIViewExtension.swift */,
				2FC494851FBAA07F007F2028 /* Screen.swift */,
			);
			name = Extension;
			sourceTree = "<group>";
		};
		2FFD08B91FB0426C006AE606 /* Resources */ = {
			isa = PBXGroup;
			children = (
				2FFD08A81FB03C1E006AE606 /* Assets.xcassets */,
			);
			name = Resources;
			sourceTree = "<group>";
		};
		2FFD08BA1FB0428E006AE606 /* Protocols */ = {
			isa = PBXGroup;
			children = (
			);
			name = Protocols;
			sourceTree = "<group>";
		};
		2FFD08BB1FB042F8006AE606 /* Networkings */ = {
			isa = PBXGroup;
			children = (
				29F2CD2B1FB06249004FB2FF /* APIServices.swift */,
				2FA5588B1FB9A85000D89D10 /* NewsEndPoint.swift */,
			);
			name = Networkings;
			sourceTree = "<group>";
		};
		2FFD08BC1FB044AD006AE606 /* Storyboards */ = {
			isa = PBXGroup;
			children = (
				2FFD08A51FB03C1E006AE606 /* Main.storyboard */,
				2FFD08AA1FB03C1E006AE606 /* LaunchScreen.storyboard */,
				2FF9BFB81FB2FCB100E9A467 /* NewsStoryboard.storyboard */,
			);
			name = Storyboards;
			sourceTree = "<group>";
		};
		2FFD08BD1FB044E1006AE606 /* ViewControllers */ = {
			isa = PBXGroup;
			children = (
				2962E6FE1FB435E2007A20A8 /* DetailViewController.swift */,
				2FFD08A31FB03C1E006AE606 /* HomeViewController.swift */,
				2FF9BFBA1FB2FD3500E9A467 /* NewsCollectionViewController.swift */,
				2962E6FC1FB4036D007A20A8 /* GestureViewController.swift */,
			);
			name = ViewControllers;
			sourceTree = "<group>";
		};
		2FFD08BE1FB044F1006AE606 /* Cell */ = {
			isa = PBXGroup;
			children = (
				2F0D09C01FB4003100B627B0 /* NewsCollectionViewCell.xib */,
				2F0D09C21FB404B800B627B0 /* NewsCollectionViewCell.swift */,
				2F49250D1FC2C4E000A2D850 /* ErrorView.xib */,
				2F49250F1FC2C82D00A2D850 /* ErrorView.swift */,
			);
			name = Cell;
			sourceTree = "<group>";
		};
		8608916A0947AB55DA29B520 /* Frameworks */ = {
			isa = PBXGroup;
			children = (
				9836F03BA213A180636E3AFE /* Pods_Newscover.framework */,
			);
			name = Frameworks;
			sourceTree = "<group>";
		};
/* End PBXGroup section */

/* Begin PBXNativeTarget section */
		2FFD089D1FB03C1E006AE606 /* Newscover */ = {
			isa = PBXNativeTarget;
			buildConfigurationList = 2FFD08B01FB03C1E006AE606 /* Build configuration list for PBXNativeTarget "Newscover" */;
			buildPhases = (
				402D628BD8AF851B70A6C4C2 /* [CP] Check Pods Manifest.lock */,
				2FFD089A1FB03C1E006AE606 /* Sources */,
				2FFD089B1FB03C1E006AE606 /* Frameworks */,
				2FFD089C1FB03C1E006AE606 /* Resources */,
				E4E2A900FD364FE747B35D9D /* [CP] Embed Pods Frameworks */,
				AC0A84C091F895416F20DB65 /* [CP] Copy Pods Resources */,
			);
			buildRules = (
			);
			dependencies = (
			);
			name = Newscover;
			productName = Newscover;
			productReference = 2FFD089E1FB03C1E006AE606 /* Newscover.app */;
			productType = "com.apple.product-type.application";
		};
/* End PBXNativeTarget section */

/* Begin PBXProject section */
		2FFD08961FB03C1D006AE606 /* Project object */ = {
			isa = PBXProject;
			attributes = {
				LastSwiftUpdateCheck = 0830;
				LastUpgradeCheck = 0830;
				ORGANIZATIONNAME = "PT. Code Development Indonesia";
				TargetAttributes = {
					2FFD089D1FB03C1E006AE606 = {
						CreatedOnToolsVersion = 8.3.2;
						DevelopmentTeam = L7E5EUN258;
						ProvisioningStyle = Automatic;
					};
				};
			};
			buildConfigurationList = 2FFD08991FB03C1D006AE606 /* Build configuration list for PBXProject "Newscover" */;
			compatibilityVersion = "Xcode 3.2";
			developmentRegion = English;
			hasScannedForEncodings = 0;
			knownRegions = (
				en,
				Base,
			);
			mainGroup = 2FFD08951FB03C1D006AE606;
			productRefGroup = 2FFD089F1FB03C1E006AE606 /* Products */;
			projectDirPath = "";
			projectRoot = "";
			targets = (
				2FFD089D1FB03C1E006AE606 /* Newscover */,
			);
		};
/* End PBXProject section */

/* Begin PBXResourcesBuildPhase section */
		2FFD089C1FB03C1E006AE606 /* Resources */ = {
			isa = PBXResourcesBuildPhase;
			buildActionMask = 2147483647;
			files = (
				2F0D09C11FB4003100B627B0 /* NewsCollectionViewCell.xib in Resources */,
				2FFD08AC1FB03C1E006AE606 /* LaunchScreen.storyboard in Resources */,
				2FFD08A91FB03C1E006AE606 /* Assets.xcassets in Resources */,
				2F49250E1FC2C4E000A2D850 /* ErrorView.xib in Resources */,
				2FF9BFB91FB2FCB100E9A467 /* NewsStoryboard.storyboard in Resources */,
				2FFD08A71FB03C1E006AE606 /* Main.storyboard in Resources */,
			);
			runOnlyForDeploymentPostprocessing = 0;
		};
/* End PBXResourcesBuildPhase section */

/* Begin PBXShellScriptBuildPhase section */
		402D628BD8AF851B70A6C4C2 /* [CP] Check Pods Manifest.lock */ = {
			isa = PBXShellScriptBuildPhase;
			buildActionMask = 2147483647;
			files = (
			);
			inputPaths = (
				"${PODS_PODFILE_DIR_PATH}/Podfile.lock",
				"${PODS_ROOT}/Manifest.lock",
			);
			name = "[CP] Check Pods Manifest.lock";
			outputPaths = (
				"$(DERIVED_FILE_DIR)/Pods-Newscover-checkManifestLockResult.txt",
			);
			runOnlyForDeploymentPostprocessing = 0;
			shellPath = /bin/sh;
			shellScript = "diff \"${PODS_PODFILE_DIR_PATH}/Podfile.lock\" \"${PODS_ROOT}/Manifest.lock\" > /dev/null\nif [ $? != 0 ] ; then\n    # print error to STDERR\n    echo \"error: The sandbox is not in sync with the Podfile.lock. Run 'pod install' or update your CocoaPods installation.\" >&2\n    exit 1\nfi\n# This output is used by Xcode 'outputs' to avoid re-running this script phase.\necho \"SUCCESS\" > \"${SCRIPT_OUTPUT_FILE_0}\"\n";
			showEnvVarsInLog = 0;
		};
		AC0A84C091F895416F20DB65 /* [CP] Copy Pods Resources */ = {
			isa = PBXShellScriptBuildPhase;
			buildActionMask = 2147483647;
			files = (
			);
			inputPaths = (
			);
			name = "[CP] Copy Pods Resources";
			outputPaths = (
			);
			runOnlyForDeploymentPostprocessing = 0;
			shellPath = /bin/sh;
			shellScript = "\"${SRCROOT}/Pods/Target Support Files/Pods-Newscover/Pods-Newscover-resources.sh\"\n";
			showEnvVarsInLog = 0;
		};
		E4E2A900FD364FE747B35D9D /* [CP] Embed Pods Frameworks */ = {
			isa = PBXShellScriptBuildPhase;
			buildActionMask = 2147483647;
			files = (
			);
			inputPaths = (
				"${SRCROOT}/Pods/Target Support Files/Pods-Newscover/Pods-Newscover-frameworks.sh",
				"${BUILT_PRODUCTS_DIR}/Alamofire/Alamofire.framework",
				"${BUILT_PRODUCTS_DIR}/AlamofireImage/AlamofireImage.framework",
				"${BUILT_PRODUCTS_DIR}/NVActivityIndicatorView/NVActivityIndicatorView.framework",
				"${BUILT_PRODUCTS_DIR}/Reusable/Reusable.framework",
				"${BUILT_PRODUCTS_DIR}/RxAlamofire/RxAlamofire.framework",
				"${BUILT_PRODUCTS_DIR}/RxCocoa/RxCocoa.framework",
				"${BUILT_PRODUCTS_DIR}/RxSwift/RxSwift.framework",
				"${BUILT_PRODUCTS_DIR}/StatefulViewController/StatefulViewController.framework",
				"${BUILT_PRODUCTS_DIR}/SwiftyJSON/SwiftyJSON.framework",
				"${BUILT_PRODUCTS_DIR}/TRMosaicLayout/TRMosaicLayout.framework",
			);
			name = "[CP] Embed Pods Frameworks";
			outputPaths = (
				"${TARGET_BUILD_DIR}/${FRAMEWORKS_FOLDER_PATH}/Alamofire.framework",
				"${TARGET_BUILD_DIR}/${FRAMEWORKS_FOLDER_PATH}/AlamofireImage.framework",
				"${TARGET_BUILD_DIR}/${FRAMEWORKS_FOLDER_PATH}/NVActivityIndicatorView.framework",
				"${TARGET_BUILD_DIR}/${FRAMEWORKS_FOLDER_PATH}/Reusable.framework",
				"${TARGET_BUILD_DIR}/${FRAMEWORKS_FOLDER_PATH}/RxAlamofire.framework",
				"${TARGET_BUILD_DIR}/${FRAMEWORKS_FOLDER_PATH}/RxCocoa.framework",
				"${TARGET_BUILD_DIR}/${FRAMEWORKS_FOLDER_PATH}/RxSwift.framework",
				"${TARGET_BUILD_DIR}/${FRAMEWORKS_FOLDER_PATH}/StatefulViewController.framework",
				"${TARGET_BUILD_DIR}/${FRAMEWORKS_FOLDER_PATH}/SwiftyJSON.framework",
				"${TARGET_BUILD_DIR}/${FRAMEWORKS_FOLDER_PATH}/TRMosaicLayout.framework",
			);
			runOnlyForDeploymentPostprocessing = 0;
			shellPath = /bin/sh;
			shellScript = "\"${SRCROOT}/Pods/Target Support Files/Pods-Newscover/Pods-Newscover-frameworks.sh\"\n";
			showEnvVarsInLog = 0;
		};
/* End PBXShellScriptBuildPhase section */

/* Begin PBXSourcesBuildPhase section */
		2FFD089A1FB03C1E006AE606 /* Sources */ = {
			isa = PBXSourcesBuildPhase;
			buildActionMask = 2147483647;
			files = (
				2962E7011FB45B75007A20A8 /* GestureViewModel.swift in Sources */,
				2962E6FD1FB4036D007A20A8 /* GestureViewController.swift in Sources */,
				29F2CD2A1FB04CAE004FB2FF /* Source.swift in Sources */,
				2FFD08A41FB03C1E006AE606 /* HomeViewController.swift in Sources */,
				2FFD08A21FB03C1E006AE606 /* AppDelegate.swift in Sources */,
				2FC494861FBAA07F007F2028 /* Screen.swift in Sources */,
				2FA5588C1FB9A85000D89D10 /* NewsEndPoint.swift in Sources */,
				2F0D09C31FB404B800B627B0 /* NewsCollectionViewCell.swift in Sources */,
				29F2CD281FB04A49004FB2FF /* Article.swift in Sources */,
				2FF9BFBB1FB2FD3500E9A467 /* NewsCollectionViewController.swift in Sources */,
				2962E6FF1FB435E2007A20A8 /* DetailViewController.swift in Sources */,
				2FF511001FB599A700BDCC57 /* UIViewExtension.swift in Sources */,
				29B33B281FB2BA5D005984EC /* ViewModel.swift in Sources */,
				2F0D09C51FB4397500B627B0 /* NewsCollectionViewModel.swift in Sources */,
				29F2CD2C1FB06249004FB2FF /* APIServices.swift in Sources */,
				2F4925101FC2C82D00A2D850 /* ErrorView.swift in Sources */,
			);
			runOnlyForDeploymentPostprocessing = 0;
		};
/* End PBXSourcesBuildPhase section */

/* Begin PBXVariantGroup section */
		2FFD08A51FB03C1E006AE606 /* Main.storyboard */ = {
			isa = PBXVariantGroup;
			children = (
				2FFD08A61FB03C1E006AE606 /* Base */,
			);
			name = Main.storyboard;
			sourceTree = "<group>";
		};
		2FFD08AA1FB03C1E006AE606 /* LaunchScreen.storyboard */ = {
			isa = PBXVariantGroup;
			children = (
				2FFD08AB1FB03C1E006AE606 /* Base */,
			);
			name = LaunchScreen.storyboard;
			sourceTree = "<group>";
		};
/* End PBXVariantGroup section */

/* Begin XCBuildConfiguration section */
		2FFD08AE1FB03C1E006AE606 /* Debug */ = {
			isa = XCBuildConfiguration;
			buildSettings = {
				ALWAYS_SEARCH_USER_PATHS = NO;
				CLANG_ANALYZER_NONNULL = YES;
				CLANG_ANALYZER_NUMBER_OBJECT_CONVERSION = YES_AGGRESSIVE;
				CLANG_CXX_LANGUAGE_STANDARD = "gnu++0x";
				CLANG_CXX_LIBRARY = "libc++";
				CLANG_ENABLE_MODULES = YES;
				CLANG_ENABLE_OBJC_ARC = YES;
				CLANG_WARN_BOOL_CONVERSION = YES;
				CLANG_WARN_CONSTANT_CONVERSION = YES;
				CLANG_WARN_DIRECT_OBJC_ISA_USAGE = YES_ERROR;
				CLANG_WARN_DOCUMENTATION_COMMENTS = YES;
				CLANG_WARN_EMPTY_BODY = YES;
				CLANG_WARN_ENUM_CONVERSION = YES;
				CLANG_WARN_INFINITE_RECURSION = YES;
				CLANG_WARN_INT_CONVERSION = YES;
				CLANG_WARN_OBJC_ROOT_CLASS = YES_ERROR;
				CLANG_WARN_SUSPICIOUS_MOVE = YES;
				CLANG_WARN_UNREACHABLE_CODE = YES;
				CLANG_WARN__DUPLICATE_METHOD_MATCH = YES;
				"CODE_SIGN_IDENTITY[sdk=iphoneos*]" = "iPhone Developer";
				COPY_PHASE_STRIP = NO;
				DEBUG_INFORMATION_FORMAT = dwarf;
				ENABLE_STRICT_OBJC_MSGSEND = YES;
				ENABLE_TESTABILITY = YES;
				GCC_C_LANGUAGE_STANDARD = gnu99;
				GCC_DYNAMIC_NO_PIC = NO;
				GCC_NO_COMMON_BLOCKS = YES;
				GCC_OPTIMIZATION_LEVEL = 0;
				GCC_PREPROCESSOR_DEFINITIONS = (
					"DEBUG=1",
					"$(inherited)",
				);
				GCC_WARN_64_TO_32_BIT_CONVERSION = YES;
				GCC_WARN_ABOUT_RETURN_TYPE = YES_ERROR;
				GCC_WARN_UNDECLARED_SELECTOR = YES;
				GCC_WARN_UNINITIALIZED_AUTOS = YES_AGGRESSIVE;
				GCC_WARN_UNUSED_FUNCTION = YES;
				GCC_WARN_UNUSED_VARIABLE = YES;
				IPHONEOS_DEPLOYMENT_TARGET = 10.3;
				MTL_ENABLE_DEBUG_INFO = YES;
				ONLY_ACTIVE_ARCH = YES;
				SDKROOT = iphoneos;
				SWIFT_ACTIVE_COMPILATION_CONDITIONS = DEBUG;
				SWIFT_OPTIMIZATION_LEVEL = "-Onone";
			};
			name = Debug;
		};
		2FFD08AF1FB03C1E006AE606 /* Release */ = {
			isa = XCBuildConfiguration;
			buildSettings = {
				ALWAYS_SEARCH_USER_PATHS = NO;
				CLANG_ANALYZER_NONNULL = YES;
				CLANG_ANALYZER_NUMBER_OBJECT_CONVERSION = YES_AGGRESSIVE;
				CLANG_CXX_LANGUAGE_STANDARD = "gnu++0x";
				CLANG_CXX_LIBRARY = "libc++";
				CLANG_ENABLE_MODULES = YES;
				CLANG_ENABLE_OBJC_ARC = YES;
				CLANG_WARN_BOOL_CONVERSION = YES;
				CLANG_WARN_CONSTANT_CONVERSION = YES;
				CLANG_WARN_DIRECT_OBJC_ISA_USAGE = YES_ERROR;
				CLANG_WARN_DOCUMENTATION_COMMENTS = YES;
				CLANG_WARN_EMPTY_BODY = YES;
				CLANG_WARN_ENUM_CONVERSION = YES;
				CLANG_WARN_INFINITE_RECURSION = YES;
				CLANG_WARN_INT_CONVERSION = YES;
				CLANG_WARN_OBJC_ROOT_CLASS = YES_ERROR;
				CLANG_WARN_SUSPICIOUS_MOVE = YES;
				CLANG_WARN_UNREACHABLE_CODE = YES;
				CLANG_WARN__DUPLICATE_METHOD_MATCH = YES;
				"CODE_SIGN_IDENTITY[sdk=iphoneos*]" = "iPhone Developer";
				COPY_PHASE_STRIP = NO;
				DEBUG_INFORMATION_FORMAT = "dwarf-with-dsym";
				ENABLE_NS_ASSERTIONS = NO;
				ENABLE_STRICT_OBJC_MSGSEND = YES;
				GCC_C_LANGUAGE_STANDARD = gnu99;
				GCC_NO_COMMON_BLOCKS = YES;
				GCC_WARN_64_TO_32_BIT_CONVERSION = YES;
				GCC_WARN_ABOUT_RETURN_TYPE = YES_ERROR;
				GCC_WARN_UNDECLARED_SELECTOR = YES;
				GCC_WARN_UNINITIALIZED_AUTOS = YES_AGGRESSIVE;
				GCC_WARN_UNUSED_FUNCTION = YES;
				GCC_WARN_UNUSED_VARIABLE = YES;
				IPHONEOS_DEPLOYMENT_TARGET = 10.3;
				MTL_ENABLE_DEBUG_INFO = NO;
				SDKROOT = iphoneos;
				SWIFT_OPTIMIZATION_LEVEL = "-Owholemodule";
				VALIDATE_PRODUCT = YES;
			};
			name = Release;
		};
		2FFD08B11FB03C1E006AE606 /* Debug */ = {
			isa = XCBuildConfiguration;
			baseConfigurationReference = D0867C06851D4816638975B6 /* Pods-Newscover.debug.xcconfig */;
			buildSettings = {
				ASSETCATALOG_COMPILER_APPICON_NAME = AppIcon;
				DEVELOPMENT_TEAM = L7E5EUN258;
				INFOPLIST_FILE = Newscover/Info.plist;
				IPHONEOS_DEPLOYMENT_TARGET = 9.0;
				LD_RUNPATH_SEARCH_PATHS = "$(inherited) @executable_path/Frameworks";
				PRODUCT_BUNDLE_IDENTIFIER = com.codeid.Newscover;
				PRODUCT_NAME = "$(TARGET_NAME)";
				SWIFT_VERSION = 3.0;
			};
			name = Debug;
		};
		2FFD08B21FB03C1E006AE606 /* Release */ = {
			isa = XCBuildConfiguration;
			baseConfigurationReference = B15F3E0B99427B51D4081860 /* Pods-Newscover.release.xcconfig */;
			buildSettings = {
				ASSETCATALOG_COMPILER_APPICON_NAME = AppIcon;
				DEVELOPMENT_TEAM = L7E5EUN258;
				INFOPLIST_FILE = Newscover/Info.plist;
				IPHONEOS_DEPLOYMENT_TARGET = 9.0;
				LD_RUNPATH_SEARCH_PATHS = "$(inherited) @executable_path/Frameworks";
				PRODUCT_BUNDLE_IDENTIFIER = com.codeid.Newscover;
				PRODUCT_NAME = "$(TARGET_NAME)";
				SWIFT_VERSION = 3.0;
			};
			name = Release;
		};
/* End XCBuildConfiguration section */

/* Begin XCConfigurationList section */
		2FFD08991FB03C1D006AE606 /* Build configuration list for PBXProject "Newscover" */ = {
			isa = XCConfigurationList;
			buildConfigurations = (
				2FFD08AE1FB03C1E006AE606 /* Debug */,
				2FFD08AF1FB03C1E006AE606 /* Release */,
			);
			defaultConfigurationIsVisible = 0;
			defaultConfigurationName = Release;
		};
		2FFD08B01FB03C1E006AE606 /* Build configuration list for PBXNativeTarget "Newscover" */ = {
			isa = XCConfigurationList;
			buildConfigurations = (
				2FFD08B11FB03C1E006AE606 /* Debug */,
				2FFD08B21FB03C1E006AE606 /* Release */,
			);
			defaultConfigurationIsVisible = 0;
			defaultConfigurationName = Release;
		};
/* End XCConfigurationList section */
	};
	rootObject = 2FFD08961FB03C1D006AE606 /* Project object */;
}
